// !$*UTF8*$!
{
	archiveVersion = 1;
	classes = {
	};
	objectVersion = 50;
	objects = {

/* Begin PBXBuildFile section */
		471463732480A5C6005B34CB /* AppDelegate.swift in Sources */ = {isa = PBXBuildFile; fileRef = 471463722480A5C6005B34CB /* AppDelegate.swift */; };
		471463752480A5C6005B34CB /* SceneDelegate.swift in Sources */ = {isa = PBXBuildFile; fileRef = 471463742480A5C6005B34CB /* SceneDelegate.swift */; };
		471463772480A5C6005B34CB /* ViewController.swift in Sources */ = {isa = PBXBuildFile; fileRef = 471463762480A5C6005B34CB /* ViewController.swift */; };
		4714637A2480A5C6005B34CB /* Main.storyboard in Resources */ = {isa = PBXBuildFile; fileRef = 471463782480A5C6005B34CB /* Main.storyboard */; };
		4714637C2480A5C7005B34CB /* Assets.xcassets in Resources */ = {isa = PBXBuildFile; fileRef = 4714637B2480A5C7005B34CB /* Assets.xcassets */; };
		4714637F2480A5C7005B34CB /* LaunchScreen.storyboard in Resources */ = {isa = PBXBuildFile; fileRef = 4714637D2480A5C7005B34CB /* LaunchScreen.storyboard */; };
		471463882480ACFA005B34CB /* TreeNode.swift in Sources */ = {isa = PBXBuildFile; fileRef = 471463872480ACFA005B34CB /* TreeNode.swift */; };
		4714638B2480AD85005B34CB /* SubTreeSolution.swift in Sources */ = {isa = PBXBuildFile; fileRef = 4714638A2480AD85005B34CB /* SubTreeSolution.swift */; };
		471463902480C1CF005B34CB /* SymmetricTreeSolution.swift in Sources */ = {isa = PBXBuildFile; fileRef = 4714638F2480C1CF005B34CB /* SymmetricTreeSolution.swift */; };
		471463932480E0F7005B34CB /* BFS.swift in Sources */ = {isa = PBXBuildFile; fileRef = 471463922480E0F7005B34CB /* BFS.swift */; };
		471463962480EA66005B34CB /* SameTreeSolution.swift in Sources */ = {isa = PBXBuildFile; fileRef = 471463952480EA66005B34CB /* SameTreeSolution.swift */; };
		471463992480F9D5005B34CB /* RebuildTreeSolution.swift in Sources */ = {isa = PBXBuildFile; fileRef = 471463982480F9D5005B34CB /* RebuildTreeSolution.swift */; };
		4714639C2480FCE4005B34CB /* TreeOrderSolution.swift in Sources */ = {isa = PBXBuildFile; fileRef = 4714639B2480FCE4005B34CB /* TreeOrderSolution.swift */; };
		471463A02481FCF3005B34CB /* BSTKNode.swift in Sources */ = {isa = PBXBuildFile; fileRef = 4714639F2481FCF3005B34CB /* BSTKNode.swift */; };
		471463A224820E05005B34CB /* BST.swift in Sources */ = {isa = PBXBuildFile; fileRef = 471463A124820E05005B34CB /* BST.swift */; };
/* End PBXBuildFile section */

/* Begin PBXFileReference section */
		4714636F2480A5C6005B34CB /* Sword.app */ = {isa = PBXFileReference; explicitFileType = wrapper.application; includeInIndex = 0; path = Sword.app; sourceTree = BUILT_PRODUCTS_DIR; };
		471463722480A5C6005B34CB /* AppDelegate.swift */ = {isa = PBXFileReference; lastKnownFileType = sourcecode.swift; path = AppDelegate.swift; sourceTree = "<group>"; };
		471463742480A5C6005B34CB /* SceneDelegate.swift */ = {isa = PBXFileReference; lastKnownFileType = sourcecode.swift; path = SceneDelegate.swift; sourceTree = "<group>"; };
		471463762480A5C6005B34CB /* ViewController.swift */ = {isa = PBXFileReference; lastKnownFileType = sourcecode.swift; path = ViewController.swift; sourceTree = "<group>"; };
		471463792480A5C6005B34CB /* Base */ = {isa = PBXFileReference; lastKnownFileType = file.storyboard; name = Base; path = Base.lproj/Main.storyboard; sourceTree = "<group>"; };
		4714637B2480A5C7005B34CB /* Assets.xcassets */ = {isa = PBXFileReference; lastKnownFileType = folder.assetcatalog; path = Assets.xcassets; sourceTree = "<group>"; };
		4714637E2480A5C7005B34CB /* Base */ = {isa = PBXFileReference; lastKnownFileType = file.storyboard; name = Base; path = Base.lproj/LaunchScreen.storyboard; sourceTree = "<group>"; };
		471463802480A5C7005B34CB /* Info.plist */ = {isa = PBXFileReference; lastKnownFileType = text.plist.xml; path = Info.plist; sourceTree = "<group>"; };
		471463872480ACFA005B34CB /* TreeNode.swift */ = {isa = PBXFileReference; lastKnownFileType = sourcecode.swift; path = TreeNode.swift; sourceTree = "<group>"; };
		4714638A2480AD85005B34CB /* SubTreeSolution.swift */ = {isa = PBXFileReference; lastKnownFileType = sourcecode.swift; path = SubTreeSolution.swift; sourceTree = "<group>"; };
		4714638F2480C1CF005B34CB /* SymmetricTreeSolution.swift */ = {isa = PBXFileReference; lastKnownFileType = sourcecode.swift; path = SymmetricTreeSolution.swift; sourceTree = "<group>"; };
		471463922480E0F7005B34CB /* BFS.swift */ = {isa = PBXFileReference; lastKnownFileType = sourcecode.swift; path = BFS.swift; sourceTree = "<group>"; };
		471463952480EA66005B34CB /* SameTreeSolution.swift */ = {isa = PBXFileReference; lastKnownFileType = sourcecode.swift; path = SameTreeSolution.swift; sourceTree = "<group>"; };
		471463982480F9D5005B34CB /* RebuildTreeSolution.swift */ = {isa = PBXFileReference; lastKnownFileType = sourcecode.swift; path = RebuildTreeSolution.swift; sourceTree = "<group>"; };
		4714639B2480FCE4005B34CB /* TreeOrderSolution.swift */ = {isa = PBXFileReference; lastKnownFileType = sourcecode.swift; path = TreeOrderSolution.swift; sourceTree = "<group>"; };
		4714639F2481FCF3005B34CB /* BSTKNode.swift */ = {isa = PBXFileReference; lastKnownFileType = sourcecode.swift; path = BSTKNode.swift; sourceTree = "<group>"; };
		471463A124820E05005B34CB /* BST.swift */ = {isa = PBXFileReference; lastKnownFileType = sourcecode.swift; path = BST.swift; sourceTree = "<group>"; };
/* End PBXFileReference section */

/* Begin PBXFrameworksBuildPhase section */
		4714636C2480A5C6005B34CB /* Frameworks */ = {
			isa = PBXFrameworksBuildPhase;
			buildActionMask = 2147483647;
			files = (
			);
			runOnlyForDeploymentPostprocessing = 0;
		};
/* End PBXFrameworksBuildPhase section */

/* Begin PBXGroup section */
		471463662480A5C6005B34CB = {
			isa = PBXGroup;
			children = (
				471463712480A5C6005B34CB /* Sword */,
				471463702480A5C6005B34CB /* Products */,
			);
			sourceTree = "<group>";
		};
		471463702480A5C6005B34CB /* Products */ = {
			isa = PBXGroup;
			children = (
				4714636F2480A5C6005B34CB /* Sword.app */,
			);
			name = Products;
			sourceTree = "<group>";
		};
		471463712480A5C6005B34CB /* Sword */ = {
			isa = PBXGroup;
			children = (
				471463862480A5EE005B34CB /* Tree */,
				471463722480A5C6005B34CB /* AppDelegate.swift */,
				471463742480A5C6005B34CB /* SceneDelegate.swift */,
				471463762480A5C6005B34CB /* ViewController.swift */,
				471463782480A5C6005B34CB /* Main.storyboard */,
				4714637B2480A5C7005B34CB /* Assets.xcassets */,
				4714637D2480A5C7005B34CB /* LaunchScreen.storyboard */,
				471463802480A5C7005B34CB /* Info.plist */,
			);
			path = Sword;
			sourceTree = "<group>";
		};
		471463862480A5EE005B34CB /* Tree */ = {
			isa = PBXGroup;
			children = (
				471463872480ACFA005B34CB /* TreeNode.swift */,
				4714639A2480FC50005B34CB /* 前中后序遍历 */,
				4714639D2481FC85005B34CB /* 二叉树 */,
				471463942480EA2A005B34CB /* 树是否相同 */,
				471463912480E0DF005B34CB /* 树的层级遍历 */,
				471463892480AD52005B34CB /* 树的子结构 */,
			);
			path = Tree;
			sourceTree = "<group>";
		};
		471463892480AD52005B34CB /* 树的子结构 */ = {
			isa = PBXGroup;
			children = (
				4714638A2480AD85005B34CB /* SubTreeSolution.swift */,
			);
			path = "树的子结构";
			sourceTree = "<group>";
		};
		4714638E2480C1A5005B34CB /* 对称二叉树 */ = {
			isa = PBXGroup;
			children = (
				4714638F2480C1CF005B34CB /* SymmetricTreeSolution.swift */,
			);
			path = "对称二叉树";
			sourceTree = "<group>";
		};
		471463912480E0DF005B34CB /* 树的层级遍历 */ = {
			isa = PBXGroup;
			children = (
				471463922480E0F7005B34CB /* BFS.swift */,
			);
			path = "树的层级遍历";
			sourceTree = "<group>";
		};
		471463942480EA2A005B34CB /* 树是否相同 */ = {
			isa = PBXGroup;
			children = (
				471463952480EA66005B34CB /* SameTreeSolution.swift */,
			);
			path = "树是否相同";
			sourceTree = "<group>";
		};
		471463972480F9BA005B34CB /* 重建二叉树 */ = {
			isa = PBXGroup;
			children = (
				471463982480F9D5005B34CB /* RebuildTreeSolution.swift */,
			);
			path = "重建二叉树";
			sourceTree = "<group>";
		};
		4714639A2480FC50005B34CB /* 前中后序遍历 */ = {
			isa = PBXGroup;
			children = (
				4714639B2480FCE4005B34CB /* TreeOrderSolution.swift */,
			);
			path = "前中后序遍历";
			sourceTree = "<group>";
		};
		4714639D2481FC85005B34CB /* 二叉树 */ = {
			isa = PBXGroup;
			children = (
				471463A124820E05005B34CB /* BST.swift */,
				4714639E2481FC9F005B34CB /* 二叉搜索树的第 K 个节点 */,
				471463972480F9BA005B34CB /* 重建二叉树 */,
				4714638E2480C1A5005B34CB /* 对称二叉树 */,
			);
			path = "二叉树";
			sourceTree = "<group>";
		};
		4714639E2481FC9F005B34CB /* 二叉搜索树的第 K 个节点 */ = {
			isa = PBXGroup;
			children = (
				4714639F2481FCF3005B34CB /* BSTKNode.swift */,
			);
			path = "二叉搜索树的第 K 个节点";
			sourceTree = "<group>";
		};
/* End PBXGroup section */

/* Begin PBXNativeTarget section */
		4714636E2480A5C6005B34CB /* Sword */ = {
			isa = PBXNativeTarget;
			buildConfigurationList = 471463832480A5C7005B34CB /* Build configuration list for PBXNativeTarget "Sword" */;
			buildPhases = (
				4714636B2480A5C6005B34CB /* Sources */,
				4714636C2480A5C6005B34CB /* Frameworks */,
				4714636D2480A5C6005B34CB /* Resources */,
			);
			buildRules = (
			);
			dependencies = (
			);
			name = Sword;
			productName = Sword;
			productReference = 4714636F2480A5C6005B34CB /* Sword.app */;
			productType = "com.apple.product-type.application";
		};
/* End PBXNativeTarget section */

/* Begin PBXProject section */
		471463672480A5C6005B34CB /* Project object */ = {
			isa = PBXProject;
			attributes = {
				LastSwiftUpdateCheck = 1120;
				LastUpgradeCheck = 1120;
				ORGANIZATIONNAME = liuchendi;
				TargetAttributes = {
					4714636E2480A5C6005B34CB = {
						CreatedOnToolsVersion = 11.2.1;
					};
				};
			};
			buildConfigurationList = 4714636A2480A5C6005B34CB /* Build configuration list for PBXProject "Sword" */;
			compatibilityVersion = "Xcode 9.3";
			developmentRegion = en;
			hasScannedForEncodings = 0;
			knownRegions = (
				en,
				Base,
			);
			mainGroup = 471463662480A5C6005B34CB;
			productRefGroup = 471463702480A5C6005B34CB /* Products */;
			projectDirPath = "";
			projectRoot = "";
			targets = (
				4714636E2480A5C6005B34CB /* Sword */,
			);
		};
/* End PBXProject section */

/* Begin PBXResourcesBuildPhase section */
		4714636D2480A5C6005B34CB /* Resources */ = {
			isa = PBXResourcesBuildPhase;
			buildActionMask = 2147483647;
			files = (
				4714637F2480A5C7005B34CB /* LaunchScreen.storyboard in Resources */,
				4714637C2480A5C7005B34CB /* Assets.xcassets in Resources */,
				4714637A2480A5C6005B34CB /* Main.storyboard in Resources */,
			);
			runOnlyForDeploymentPostprocessing = 0;
		};
/* End PBXResourcesBuildPhase section */

/* Begin PBXSourcesBuildPhase section */
		4714636B2480A5C6005B34CB /* Sources */ = {
			isa = PBXSourcesBuildPhase;
			buildActionMask = 2147483647;
			files = (
				471463772480A5C6005B34CB /* ViewController.swift in Sources */,
				471463A224820E05005B34CB /* BST.swift in Sources */,
				4714639C2480FCE4005B34CB /* TreeOrderSolution.swift in Sources */,
				471463732480A5C6005B34CB /* AppDelegate.swift in Sources */,
				471463752480A5C6005B34CB /* SceneDelegate.swift in Sources */,
				471463A02481FCF3005B34CB /* BSTKNode.swift in Sources */,
				471463902480C1CF005B34CB /* SymmetricTreeSolution.swift in Sources */,
				471463962480EA66005B34CB /* SameTreeSolution.swift in Sources */,
				4714638B2480AD85005B34CB /* SubTreeSolution.swift in Sources */,
				471463882480ACFA005B34CB /* TreeNode.swift in Sources */,
				471463932480E0F7005B34CB /* BFS.swift in Sources */,
				471463992480F9D5005B34CB /* RebuildTreeSolution.swift in Sources */,
			);
			runOnlyForDeploymentPostprocessing = 0;
		};
/* End PBXSourcesBuildPhase section */

/* Begin PBXVariantGroup section */
		471463782480A5C6005B34CB /* Main.storyboard */ = {
			isa = PBXVariantGroup;
			children = (
				471463792480A5C6005B34CB /* Base */,
			);
			name = Main.storyboard;
			sourceTree = "<group>";
		};
		4714637D2480A5C7005B34CB /* LaunchScreen.storyboard */ = {
			isa = PBXVariantGroup;
			children = (
				4714637E2480A5C7005B34CB /* Base */,
			);
			name = LaunchScreen.storyboard;
			sourceTree = "<group>";
		};
/* End PBXVariantGroup section */

/* Begin XCBuildConfiguration section */
		471463812480A5C7005B34CB /* Debug */ = {
			isa = XCBuildConfiguration;
			buildSettings = {
				ALWAYS_SEARCH_USER_PATHS = NO;
				CLANG_ANALYZER_NONNULL = YES;
				CLANG_ANALYZER_NUMBER_OBJECT_CONVERSION = YES_AGGRESSIVE;
				CLANG_CXX_LANGUAGE_STANDARD = "gnu++14";
				CLANG_CXX_LIBRARY = "libc++";
				CLANG_ENABLE_MODULES = YES;
				CLANG_ENABLE_OBJC_ARC = YES;
				CLANG_ENABLE_OBJC_WEAK = YES;
				CLANG_WARN_BLOCK_CAPTURE_AUTORELEASING = YES;
				CLANG_WARN_BOOL_CONVERSION = YES;
				CLANG_WARN_COMMA = YES;
				CLANG_WARN_CONSTANT_CONVERSION = YES;
				CLANG_WARN_DEPRECATED_OBJC_IMPLEMENTATIONS = YES;
				CLANG_WARN_DIRECT_OBJC_ISA_USAGE = YES_ERROR;
				CLANG_WARN_DOCUMENTATION_COMMENTS = YES;
				CLANG_WARN_EMPTY_BODY = YES;
				CLANG_WARN_ENUM_CONVERSION = YES;
				CLANG_WARN_INFINITE_RECURSION = YES;
				CLANG_WARN_INT_CONVERSION = YES;
				CLANG_WARN_NON_LITERAL_NULL_CONVERSION = YES;
				CLANG_WARN_OBJC_IMPLICIT_RETAIN_SELF = YES;
				CLANG_WARN_OBJC_LITERAL_CONVERSION = YES;
				CLANG_WARN_OBJC_ROOT_CLASS = YES_ERROR;
				CLANG_WARN_RANGE_LOOP_ANALYSIS = YES;
				CLANG_WARN_STRICT_PROTOTYPES = YES;
				CLANG_WARN_SUSPICIOUS_MOVE = YES;
				CLANG_WARN_UNGUARDED_AVAILABILITY = YES_AGGRESSIVE;
				CLANG_WARN_UNREACHABLE_CODE = YES;
				CLANG_WARN__DUPLICATE_METHOD_MATCH = YES;
				COPY_PHASE_STRIP = NO;
				DEBUG_INFORMATION_FORMAT = dwarf;
				ENABLE_STRICT_OBJC_MSGSEND = YES;
				ENABLE_TESTABILITY = YES;
				GCC_C_LANGUAGE_STANDARD = gnu11;
				GCC_DYNAMIC_NO_PIC = NO;
				GCC_NO_COMMON_BLOCKS = YES;
				GCC_OPTIMIZATION_LEVEL = 0;
				GCC_PREPROCESSOR_DEFINITIONS = (
					"DEBUG=1",
					"$(inherited)",
				);
				GCC_WARN_64_TO_32_BIT_CONVERSION = YES;
				GCC_WARN_ABOUT_RETURN_TYPE = YES_ERROR;
				GCC_WARN_UNDECLARED_SELECTOR = YES;
				GCC_WARN_UNINITIALIZED_AUTOS = YES_AGGRESSIVE;
				GCC_WARN_UNUSED_FUNCTION = YES;
				GCC_WARN_UNUSED_VARIABLE = YES;
				IPHONEOS_DEPLOYMENT_TARGET = 13.2;
				MTL_ENABLE_DEBUG_INFO = INCLUDE_SOURCE;
				MTL_FAST_MATH = YES;
				ONLY_ACTIVE_ARCH = YES;
				SDKROOT = iphoneos;
				SWIFT_ACTIVE_COMPILATION_CONDITIONS = DEBUG;
				SWIFT_OPTIMIZATION_LEVEL = "-Onone";
			};
			name = Debug;
		};
		471463822480A5C7005B34CB /* Release */ = {
			isa = XCBuildConfiguration;
			buildSettings = {
				ALWAYS_SEARCH_USER_PATHS = NO;
				CLANG_ANALYZER_NONNULL = YES;
				CLANG_ANALYZER_NUMBER_OBJECT_CONVERSION = YES_AGGRESSIVE;
				CLANG_CXX_LANGUAGE_STANDARD = "gnu++14";
				CLANG_CXX_LIBRARY = "libc++";
				CLANG_ENABLE_MODULES = YES;
				CLANG_ENABLE_OBJC_ARC = YES;
				CLANG_ENABLE_OBJC_WEAK = YES;
				CLANG_WARN_BLOCK_CAPTURE_AUTORELEASING = YES;
				CLANG_WARN_BOOL_CONVERSION = YES;
				CLANG_WARN_COMMA = YES;
				CLANG_WARN_CONSTANT_CONVERSION = YES;
				CLANG_WARN_DEPRECATED_OBJC_IMPLEMENTATIONS = YES;
				CLANG_WARN_DIRECT_OBJC_ISA_USAGE = YES_ERROR;
				CLANG_WARN_DOCUMENTATION_COMMENTS = YES;
				CLANG_WARN_EMPTY_BODY = YES;
				CLANG_WARN_ENUM_CONVERSION = YES;
				CLANG_WARN_INFINITE_RECURSION = YES;
				CLANG_WARN_INT_CONVERSION = YES;
				CLANG_WARN_NON_LITERAL_NULL_CONVERSION = YES;
				CLANG_WARN_OBJC_IMPLICIT_RETAIN_SELF = YES;
				CLANG_WARN_OBJC_LITERAL_CONVERSION = YES;
				CLANG_WARN_OBJC_ROOT_CLASS = YES_ERROR;
				CLANG_WARN_RANGE_LOOP_ANALYSIS = YES;
				CLANG_WARN_STRICT_PROTOTYPES = YES;
				CLANG_WARN_SUSPICIOUS_MOVE = YES;
				CLANG_WARN_UNGUARDED_AVAILABILITY = YES_AGGRESSIVE;
				CLANG_WARN_UNREACHABLE_CODE = YES;
				CLANG_WARN__DUPLICATE_METHOD_MATCH = YES;
				COPY_PHASE_STRIP = NO;
				DEBUG_INFORMATION_FORMAT = "dwarf-with-dsym";
				ENABLE_NS_ASSERTIONS = NO;
				ENABLE_STRICT_OBJC_MSGSEND = YES;
				GCC_C_LANGUAGE_STANDARD = gnu11;
				GCC_NO_COMMON_BLOCKS = YES;
				GCC_WARN_64_TO_32_BIT_CONVERSION = YES;
				GCC_WARN_ABOUT_RETURN_TYPE = YES_ERROR;
				GCC_WARN_UNDECLARED_SELECTOR = YES;
				GCC_WARN_UNINITIALIZED_AUTOS = YES_AGGRESSIVE;
				GCC_WARN_UNUSED_FUNCTION = YES;
				GCC_WARN_UNUSED_VARIABLE = YES;
				IPHONEOS_DEPLOYMENT_TARGET = 13.2;
				MTL_ENABLE_DEBUG_INFO = NO;
				MTL_FAST_MATH = YES;
				SDKROOT = iphoneos;
				SWIFT_COMPILATION_MODE = wholemodule;
				SWIFT_OPTIMIZATION_LEVEL = "-O";
				VALIDATE_PRODUCT = YES;
			};
			name = Release;
		};
		471463842480A5C7005B34CB /* Debug */ = {
			isa = XCBuildConfiguration;
			buildSettings = {
				ASSETCATALOG_COMPILER_APPICON_NAME = AppIcon;
				CODE_SIGN_STYLE = Automatic;
				INFOPLIST_FILE = Sword/Info.plist;
				LD_RUNPATH_SEARCH_PATHS = (
					"$(inherited)",
					"@executable_path/Frameworks",
				);
				PRODUCT_BUNDLE_IDENTIFIER = lcd.Sword;
				PRODUCT_NAME = "$(TARGET_NAME)";
				SWIFT_VERSION = 5.0;
				TARGETED_DEVICE_FAMILY = "1,2";
			};
			name = Debug;
		};
		471463852480A5C7005B34CB /* Release */ = {
			isa = XCBuildConfiguration;
			buildSettings = {
				ASSETCATALOG_COMPILER_APPICON_NAME = AppIcon;
				CODE_SIGN_STYLE = Automatic;
				INFOPLIST_FILE = Sword/Info.plist;
				LD_RUNPATH_SEARCH_PATHS = (
					"$(inherited)",
					"@executable_path/Frameworks",
				);
				PRODUCT_BUNDLE_IDENTIFIER = lcd.Sword;
				PRODUCT_NAME = "$(TARGET_NAME)";
				SWIFT_VERSION = 5.0;
				TARGETED_DEVICE_FAMILY = "1,2";
			};
			name = Release;
		};
/* End XCBuildConfiguration section */

/* Begin XCConfigurationList section */
		4714636A2480A5C6005B34CB /* Build configuration list for PBXProject "Sword" */ = {
			isa = XCConfigurationList;
			buildConfigurations = (
				471463812480A5C7005B34CB /* Debug */,
				471463822480A5C7005B34CB /* Release */,
			);
			defaultConfigurationIsVisible = 0;
			defaultConfigurationName = Release;
		};
		471463832480A5C7005B34CB /* Build configuration list for PBXNativeTarget "Sword" */ = {
			isa = XCConfigurationList;
			buildConfigurations = (
				471463842480A5C7005B34CB /* Debug */,
				471463852480A5C7005B34CB /* Release */,
			);
			defaultConfigurationIsVisible = 0;
			defaultConfigurationName = Release;
		};
/* End XCConfigurationList section */
	};
	rootObject = 471463672480A5C6005B34CB /* Project object */;
}
